
Microsoft Visual Studio Solution File, Format Version 12.00
# Visual Studio Version 16
VisualStudioVersion = 16.0.31727.386
MinimumVisualStudioVersion = 10.0.40219.1
Project("{FAE04EC0-301F-11D3-BF4B-00C04F79EFBC}") = "t2008m_WAD", "t2008m_WAD\t2008m_WAD.csproj", "{D8EA5996-42E9-4CB2-AECA-1D20B30284CC}"
EndProject
Global
	GlobalSection(SolutionConfigurationPlatforms) = preSolution
		Debug|Any CPU = Debug|Any CPU
		Release|Any CPU = Release|Any CPU
	EndGlobalSection
	GlobalSection(ProjectConfigurationPlatforms) = postSolution
		{D8EA5996-42E9-4CB2-AECA-1D20B30284CC}.Debug|Any CPU.ActiveCfg = Debug|Any CPU
		{D8EA5996-42E9-4CB2-AECA-1D20B30284CC}.Debug|Any CPU.Build.0 = Debug|Any CPU
		{D8EA5996-42E9-4CB2-AECA-1D20B30284CC}.Release|Any CPU.ActiveCfg = Release|Any CPU
		{D8EA5996-42E9-4CB2-AECA-1D20B30284CC}.Release|Any CPU.Build.0 = Release|Any CPU
	EndGlobalSection
	GlobalSection(SolutionProperties) = preSolution
		HideSolutionNode = FALSE
	EndGlobalSection
	GlobalSection(ExtensibilityGlobals) = postSolution
		SolutionGuid = {F0E34651-8700-4812-9A6C-C6E7CD2CBA72}
	EndGlobalSection
EndGlobal
